// !$*UTF8*$!
{
	archiveVersion = 1;
	classes = {
	};
	objectVersion = 46;
	objects = {

/* Begin PBXBuildFile section */
		58D39A4D1D24F7F60076A34E /* EBCommentsCell.m in Sources */ = {isa = PBXBuildFile; fileRef = 58D39A481D24F7F60076A34E /* EBCommentsCell.m */; };
		58D39A4E1D24F7F60076A34E /* EBCommentsCell.xib in Resources */ = {isa = PBXBuildFile; fileRef = 58D39A491D24F7F60076A34E /* EBCommentsCell.xib */; };
		58D39A4F1D24F7F60076A34E /* EBLiveTableViewCell.m in Sources */ = {isa = PBXBuildFile; fileRef = 58D39A4B1D24F7F60076A34E /* EBLiveTableViewCell.m */; };
		58D39A501D24F7F60076A34E /* EBLiveTableViewCell.xib in Resources */ = {isa = PBXBuildFile; fileRef = 58D39A4C1D24F7F60076A34E /* EBLiveTableViewCell.xib */; };
		58D39A541D24F8090076A34E /* EBContaints.m in Sources */ = {isa = PBXBuildFile; fileRef = 58D39A531D24F8090076A34E /* EBContaints.m */; };
		58D39A591D24F80E0076A34E /* EBDispLiveView.m in Sources */ = {isa = PBXBuildFile; fileRef = 58D39A571D24F80E0076A34E /* EBDispLiveView.m */; };
		58D39A5A1D24F80E0076A34E /* EBDispLiveView.xib in Resources */ = {isa = PBXBuildFile; fileRef = 58D39A581D24F80E0076A34E /* EBDispLiveView.xib */; };
		58E1A75E1D22633200777811 /* main.m in Sources */ = {isa = PBXBuildFile; fileRef = 58E1A75D1D22633200777811 /* main.m */; };
		58E1A7611D22633200777811 /* AppDelegate.m in Sources */ = {isa = PBXBuildFile; fileRef = 58E1A7601D22633200777811 /* AppDelegate.m */; };
		58E1A7641D22633200777811 /* ViewController.m in Sources */ = {isa = PBXBuildFile; fileRef = 58E1A7631D22633200777811 /* ViewController.m */; };
		58E1A7671D22633200777811 /* Main.storyboard in Resources */ = {isa = PBXBuildFile; fileRef = 58E1A7651D22633200777811 /* Main.storyboard */; };
		58E1A7691D22633200777811 /* Assets.xcassets in Resources */ = {isa = PBXBuildFile; fileRef = 58E1A7681D22633200777811 /* Assets.xcassets */; };
		58E1A76C1D22633200777811 /* LaunchScreen.storyboard in Resources */ = {isa = PBXBuildFile; fileRef = 58E1A76A1D22633200777811 /* LaunchScreen.storyboard */; };
/* End PBXBuildFile section */

/* Begin PBXFileReference section */
		58D39A471D24F7F60076A34E /* EBCommentsCell.h */ = {isa = PBXFileReference; fileEncoding = 4; lastKnownFileType = sourcecode.c.h; path = EBCommentsCell.h; sourceTree = "<group>"; };
		58D39A481D24F7F60076A34E /* EBCommentsCell.m */ = {isa = PBXFileReference; fileEncoding = 4; lastKnownFileType = sourcecode.c.objc; path = EBCommentsCell.m; sourceTree = "<group>"; };
		58D39A491D24F7F60076A34E /* EBCommentsCell.xib */ = {isa = PBXFileReference; fileEncoding = 4; lastKnownFileType = file.xib; path = EBCommentsCell.xib; sourceTree = "<group>"; };
		58D39A4A1D24F7F60076A34E /* EBLiveTableViewCell.h */ = {isa = PBXFileReference; fileEncoding = 4; lastKnownFileType = sourcecode.c.h; path = EBLiveTableViewCell.h; sourceTree = "<group>"; };
		58D39A4B1D24F7F60076A34E /* EBLiveTableViewCell.m */ = {isa = PBXFileReference; fileEncoding = 4; lastKnownFileType = sourcecode.c.objc; path = EBLiveTableViewCell.m; sourceTree = "<group>"; };
		58D39A4C1D24F7F60076A34E /* EBLiveTableViewCell.xib */ = {isa = PBXFileReference; fileEncoding = 4; lastKnownFileType = file.xib; path = EBLiveTableViewCell.xib; sourceTree = "<group>"; };
		58D39A521D24F8090076A34E /* EBContaints.h */ = {isa = PBXFileReference; fileEncoding = 4; lastKnownFileType = sourcecode.c.h; path = EBContaints.h; sourceTree = "<group>"; };
		58D39A531D24F8090076A34E /* EBContaints.m */ = {isa = PBXFileReference; fileEncoding = 4; lastKnownFileType = sourcecode.c.objc; path = EBContaints.m; sourceTree = "<group>"; };
		58D39A561D24F80E0076A34E /* EBDispLiveView.h */ = {isa = PBXFileReference; fileEncoding = 4; lastKnownFileType = sourcecode.c.h; path = EBDispLiveView.h; sourceTree = "<group>"; };
		58D39A571D24F80E0076A34E /* EBDispLiveView.m */ = {isa = PBXFileReference; fileEncoding = 4; lastKnownFileType = sourcecode.c.objc; path = EBDispLiveView.m; sourceTree = "<group>"; };
		58D39A581D24F80E0076A34E /* EBDispLiveView.xib */ = {isa = PBXFileReference; fileEncoding = 4; lastKnownFileType = file.xib; path = EBDispLiveView.xib; sourceTree = "<group>"; };
		58E1A7591D22633200777811 /* LiveTableView.app */ = {isa = PBXFileReference; explicitFileType = wrapper.application; includeInIndex = 0; path = LiveTableView.app; sourceTree = BUILT_PRODUCTS_DIR; };
		58E1A75D1D22633200777811 /* main.m */ = {isa = PBXFileReference; lastKnownFileType = sourcecode.c.objc; path = main.m; sourceTree = "<group>"; };
		58E1A75F1D22633200777811 /* AppDelegate.h */ = {isa = PBXFileReference; lastKnownFileType = sourcecode.c.h; path = AppDelegate.h; sourceTree = "<group>"; };
		58E1A7601D22633200777811 /* AppDelegate.m */ = {isa = PBXFileReference; lastKnownFileType = sourcecode.c.objc; path = AppDelegate.m; sourceTree = "<group>"; };
		58E1A7621D22633200777811 /* ViewController.h */ = {isa = PBXFileReference; lastKnownFileType = sourcecode.c.h; path = ViewController.h; sourceTree = "<group>"; };
		58E1A7631D22633200777811 /* ViewController.m */ = {isa = PBXFileReference; lastKnownFileType = sourcecode.c.objc; path = ViewController.m; sourceTree = "<group>"; };
		58E1A7661D22633200777811 /* Base */ = {isa = PBXFileReference; lastKnownFileType = file.storyboard; name = Base; path = Base.lproj/Main.storyboard; sourceTree = "<group>"; };
		58E1A7681D22633200777811 /* Assets.xcassets */ = {isa = PBXFileReference; lastKnownFileType = folder.assetcatalog; path = Assets.xcassets; sourceTree = "<group>"; };
		58E1A76B1D22633200777811 /* Base */ = {isa = PBXFileReference; lastKnownFileType = file.storyboard; name = Base; path = Base.lproj/LaunchScreen.storyboard; sourceTree = "<group>"; };
		58E1A76D1D22633200777811 /* Info.plist */ = {isa = PBXFileReference; lastKnownFileType = text.plist.xml; path = Info.plist; sourceTree = "<group>"; };
/* End PBXFileReference section */

/* Begin PBXFrameworksBuildPhase section */
		58E1A7561D22633200777811 /* Frameworks */ = {
			isa = PBXFrameworksBuildPhase;
			buildActionMask = 2147483647;
			files = (
			);
			runOnlyForDeploymentPostprocessing = 0;
		};
/* End PBXFrameworksBuildPhase section */

/* Begin PBXGroup section */
		58D39A461D24F7F60076A34E /* cells */ = {
			isa = PBXGroup;
			children = (
				58D39A471D24F7F60076A34E /* EBCommentsCell.h */,
				58D39A481D24F7F60076A34E /* EBCommentsCell.m */,
				58D39A491D24F7F60076A34E /* EBCommentsCell.xib */,
				58D39A4A1D24F7F60076A34E /* EBLiveTableViewCell.h */,
				58D39A4B1D24F7F60076A34E /* EBLiveTableViewCell.m */,
				58D39A4C1D24F7F60076A34E /* EBLiveTableViewCell.xib */,
			);
			path = cells;
			sourceTree = "<group>";
		};
		58D39A511D24F8090076A34E /* others */ = {
			isa = PBXGroup;
			children = (
				58D39A521D24F8090076A34E /* EBContaints.h */,
				58D39A531D24F8090076A34E /* EBContaints.m */,
			);
			path = others;
			sourceTree = "<group>";
		};
		58D39A551D24F80E0076A34E /* views */ = {
			isa = PBXGroup;
			children = (
				58D39A561D24F80E0076A34E /* EBDispLiveView.h */,
				58D39A571D24F80E0076A34E /* EBDispLiveView.m */,
				58D39A581D24F80E0076A34E /* EBDispLiveView.xib */,
			);
			path = views;
			sourceTree = "<group>";
		};
		58E1A7501D22633200777811 = {
			isa = PBXGroup;
			children = (
				58D39A551D24F80E0076A34E /* views */,
				58D39A511D24F8090076A34E /* others */,
				58D39A461D24F7F60076A34E /* cells */,
				58E1A75B1D22633200777811 /* LiveTableView */,
				58E1A75A1D22633200777811 /* Products */,
			);
			sourceTree = "<group>";
		};
		58E1A75A1D22633200777811 /* Products */ = {
			isa = PBXGroup;
			children = (
				58E1A7591D22633200777811 /* LiveTableView.app */,
			);
			name = Products;
			sourceTree = "<group>";
		};
		58E1A75B1D22633200777811 /* LiveTableView */ = {
			isa = PBXGroup;
			children = (
				58E1A75F1D22633200777811 /* AppDelegate.h */,
				58E1A7601D22633200777811 /* AppDelegate.m */,
				58E1A7621D22633200777811 /* ViewController.h */,
				58E1A7631D22633200777811 /* ViewController.m */,
				58E1A7651D22633200777811 /* Main.storyboard */,
				58E1A7681D22633200777811 /* Assets.xcassets */,
				58E1A76A1D22633200777811 /* LaunchScreen.storyboard */,
				58E1A76D1D22633200777811 /* Info.plist */,
				58E1A75C1D22633200777811 /* Supporting Files */,
			);
			path = LiveTableView;
			sourceTree = "<group>";
		};
		58E1A75C1D22633200777811 /* Supporting Files */ = {
			isa = PBXGroup;
			children = (
				58E1A75D1D22633200777811 /* main.m */,
			);
			name = "Supporting Files";
			sourceTree = "<group>";
		};
/* End PBXGroup section */

/* Begin PBXNativeTarget section */
		58E1A7581D22633200777811 /* LiveTableView */ = {
			isa = PBXNativeTarget;
			buildConfigurationList = 58E1A7701D22633200777811 /* Build configuration list for PBXNativeTarget "LiveTableView" */;
			buildPhases = (
				58E1A7551D22633200777811 /* Sources */,
				58E1A7561D22633200777811 /* Frameworks */,
				58E1A7571D22633200777811 /* Resources */,
			);
			buildRules = (
			);
			dependencies = (
			);
			name = LiveTableView;
			productName = LiveTableView;
			productReference = 58E1A7591D22633200777811 /* LiveTableView.app */;
			productType = "com.apple.product-type.application";
		};
/* End PBXNativeTarget section */

/* Begin PBXProject section */
		58E1A7511D22633200777811 /* Project object */ = {
			isa = PBXProject;
			attributes = {
				LastUpgradeCheck = 0730;
				ORGANIZATIONNAME = hairong.chen;
				TargetAttributes = {
					58E1A7581D22633200777811 = {
						CreatedOnToolsVersion = 7.3.1;
					};
				};
			};
			buildConfigurationList = 58E1A7541D22633200777811 /* Build configuration list for PBXProject "LiveTableView" */;
			compatibilityVersion = "Xcode 3.2";
			developmentRegion = English;
			hasScannedForEncodings = 0;
			knownRegions = (
				en,
				Base,
			);
			mainGroup = 58E1A7501D22633200777811;
			productRefGroup = 58E1A75A1D22633200777811 /* Products */;
			projectDirPath = "";
			projectRoot = "";
			targets = (
				58E1A7581D22633200777811 /* LiveTableView */,
			);
		};
/* End PBXProject section */

/* Begin PBXResourcesBuildPhase section */
		58E1A7571D22633200777811 /* Resources */ = {
			isa = PBXResourcesBuildPhase;
			buildActionMask = 2147483647;
			files = (
				58D39A4E1D24F7F60076A34E /* EBCommentsCell.xib in Resources */,
				58E1A76C1D22633200777811 /* LaunchScreen.storyboard in Resources */,
				58D39A501D24F7F60076A34E /* EBLiveTableViewCell.xib in Resources */,
				58E1A7691D22633200777811 /* Assets.xcassets in Resources */,
				58E1A7671D22633200777811 /* Main.storyboard in Resources */,
				58D39A5A1D24F80E0076A34E /* EBDispLiveView.xib in Resources */,
			);
			runOnlyForDeploymentPostprocessing = 0;
		};
/* End PBXResourcesBuildPhase section */

/* Begin PBXSourcesBuildPhase section */
		58E1A7551D22633200777811 /* Sources */ = {
			isa = PBXSourcesBuildPhase;
			buildActionMask = 2147483647;
			files = (
				58D39A4D1D24F7F60076A34E /* EBCommentsCell.m in Sources */,
				58E1A7641D22633200777811 /* ViewController.m in Sources */,
				58E1A7611D22633200777811 /* AppDelegate.m in Sources */,
				58D39A4F1D24F7F60076A34E /* EBLiveTableViewCell.m in Sources */,
				58D39A591D24F80E0076A34E /* EBDispLiveView.m in Sources */,
				58D39A541D24F8090076A34E /* EBContaints.m in Sources */,
				58E1A75E1D22633200777811 /* main.m in Sources */,
			);
			runOnlyForDeploymentPostprocessing = 0;
		};
/* End PBXSourcesBuildPhase section */

/* Begin PBXVariantGroup section */
		58E1A7651D22633200777811 /* Main.storyboard */ = {
			isa = PBXVariantGroup;
			children = (
				58E1A7661D22633200777811 /* Base */,
			);
			name = Main.storyboard;
			sourceTree = "<group>";
		};
		58E1A76A1D22633200777811 /* LaunchScreen.storyboard */ = {
			isa = PBXVariantGroup;
			children = (
				58E1A76B1D22633200777811 /* Base */,
			);
			name = LaunchScreen.storyboard;
			sourceTree = "<group>";
		};
/* End PBXVariantGroup section */

/* Begin XCBuildConfiguration section */
		58E1A76E1D22633200777811 /* Debug */ = {
			isa = XCBuildConfiguration;
			buildSettings = {
				ALWAYS_SEARCH_USER_PATHS = NO;
				CLANG_ANALYZER_NONNULL = YES;
				CLANG_CXX_LANGUAGE_STANDARD = "gnu++0x";
				CLANG_CXX_LIBRARY = "libc++";
				CLANG_ENABLE_MODULES = YES;
				CLANG_ENABLE_OBJC_ARC = YES;
				CLANG_WARN_BOOL_CONVERSION = YES;
				CLANG_WARN_CONSTANT_CONVERSION = YES;
				CLANG_WARN_DIRECT_OBJC_ISA_USAGE = YES_ERROR;
				CLANG_WARN_EMPTY_BODY = YES;
				CLANG_WARN_ENUM_CONVERSION = YES;
				CLANG_WARN_INT_CONVERSION = YES;
				CLANG_WARN_OBJC_ROOT_CLASS = YES_ERROR;
				CLANG_WARN_UNREACHABLE_CODE = YES;
				CLANG_WARN__DUPLICATE_METHOD_MATCH = YES;
				"CODE_SIGN_IDENTITY[sdk=iphoneos*]" = "iPhone Developer";
				COPY_PHASE_STRIP = NO;
				DEBUG_INFORMATION_FORMAT = dwarf;
				ENABLE_STRICT_OBJC_MSGSEND = YES;
				ENABLE_TESTABILITY = YES;
				GCC_C_LANGUAGE_STANDARD = gnu99;
				GCC_DYNAMIC_NO_PIC = NO;
				GCC_NO_COMMON_BLOCKS = YES;
				GCC_OPTIMIZATION_LEVEL = 0;
				GCC_PREPROCESSOR_DEFINITIONS = (
					"DEBUG=1",
					"$(inherited)",
				);
				GCC_WARN_64_TO_32_BIT_CONVERSION = YES;
				GCC_WARN_ABOUT_RETURN_TYPE = YES_ERROR;
				GCC_WARN_UNDECLARED_SELECTOR = YES;
				GCC_WARN_UNINITIALIZED_AUTOS = YES_AGGRESSIVE;
				GCC_WARN_UNUSED_FUNCTION = YES;
				GCC_WARN_UNUSED_VARIABLE = YES;
				IPHONEOS_DEPLOYMENT_TARGET = 9.3;
				MTL_ENABLE_DEBUG_INFO = YES;
				ONLY_ACTIVE_ARCH = YES;
				SDKROOT = iphoneos;
				TARGETED_DEVICE_FAMILY = "1,2";
			};
			name = Debug;
		};
		58E1A76F1D22633200777811 /* Release */ = {
			isa = XCBuildConfiguration;
			buildSettings = {
				ALWAYS_SEARCH_USER_PATHS = NO;
				CLANG_ANALYZER_NONNULL = YES;
				CLANG_CXX_LANGUAGE_STANDARD = "gnu++0x";
				CLANG_CXX_LIBRARY = "libc++";
				CLANG_ENABLE_MODULES = YES;
				CLANG_ENABLE_OBJC_ARC = YES;
				CLANG_WARN_BOOL_CONVERSION = YES;
				CLANG_WARN_CONSTANT_CONVERSION = YES;
				CLANG_WARN_DIRECT_OBJC_ISA_USAGE = YES_ERROR;
				CLANG_WARN_EMPTY_BODY = YES;
				CLANG_WARN_ENUM_CONVERSION = YES;
				CLANG_WARN_INT_CONVERSION = YES;
				CLANG_WARN_OBJC_ROOT_CLASS = YES_ERROR;
				CLANG_WARN_UNREACHABLE_CODE = YES;
				CLANG_WARN__DUPLICATE_METHOD_MATCH = YES;
				"CODE_SIGN_IDENTITY[sdk=iphoneos*]" = "iPhone Developer";
				COPY_PHASE_STRIP = NO;
				DEBUG_INFORMATION_FORMAT = "dwarf-with-dsym";
				ENABLE_NS_ASSERTIONS = NO;
				ENABLE_STRICT_OBJC_MSGSEND = YES;
				GCC_C_LANGUAGE_STANDARD = gnu99;
				GCC_NO_COMMON_BLOCKS = YES;
				GCC_WARN_64_TO_32_BIT_CONVERSION = YES;
				GCC_WARN_ABOUT_RETURN_TYPE = YES_ERROR;
				GCC_WARN_UNDECLARED_SELECTOR = YES;
				GCC_WARN_UNINITIALIZED_AUTOS = YES_AGGRESSIVE;
				GCC_WARN_UNUSED_FUNCTION = YES;
				GCC_WARN_UNUSED_VARIABLE = YES;
				IPHONEOS_DEPLOYMENT_TARGET = 9.3;
				MTL_ENABLE_DEBUG_INFO = NO;
				SDKROOT = iphoneos;
				TARGETED_DEVICE_FAMILY = "1,2";
				VALIDATE_PRODUCT = YES;
			};
			name = Release;
		};
		58E1A7711D22633200777811 /* Debug */ = {
			isa = XCBuildConfiguration;
			buildSettings = {
				ASSETCATALOG_COMPILER_APPICON_NAME = AppIcon;
				INFOPLIST_FILE = LiveTableView/Info.plist;
				LD_RUNPATH_SEARCH_PATHS = "$(inherited) @executable_path/Frameworks";
				PRODUCT_BUNDLE_IDENTIFIER = com.eelly.buyer;
				PRODUCT_NAME = "$(TARGET_NAME)";
			};
			name = Debug;
		};
		58E1A7721D22633200777811 /* Release */ = {
			isa = XCBuildConfiguration;
			buildSettings = {
				ASSETCATALOG_COMPILER_APPICON_NAME = AppIcon;
				INFOPLIST_FILE = LiveTableView/Info.plist;
				LD_RUNPATH_SEARCH_PATHS = "$(inherited) @executable_path/Frameworks";
				PRODUCT_BUNDLE_IDENTIFIER = com.eelly.buyer;
				PRODUCT_NAME = "$(TARGET_NAME)";
			};
			name = Release;
		};
/* End XCBuildConfiguration section */

/* Begin XCConfigurationList section */
		58E1A7541D22633200777811 /* Build configuration list for PBXProject "LiveTableView" */ = {
			isa = XCConfigurationList;
			buildConfigurations = (
				58E1A76E1D22633200777811 /* Debug */,
				58E1A76F1D22633200777811 /* Release */,
			);
			defaultConfigurationIsVisible = 0;
			defaultConfigurationName = Release;
		};
		58E1A7701D22633200777811 /* Build configuration list for PBXNativeTarget "LiveTableView" */ = {
			isa = XCConfigurationList;
			buildConfigurations = (
				58E1A7711D22633200777811 /* Debug */,
				58E1A7721D22633200777811 /* Release */,
			);
			defaultConfigurationIsVisible = 0;
			defaultConfigurationName = Release;
		};
/* End XCConfigurationList section */
	};
	rootObject = 58E1A7511D22633200777811 /* Project object */;
}
